
Microsoft Visual Studio Solution File, Format Version 12.00
# Visual Studio Version 17
VisualStudioVersion = 17.2.32317.152
MinimumVisualStudioVersion = 10.0.40219.1
Project("{FAE04EC0-301F-11D3-BF4B-00C04F79EFBC}") = "DemoBlazor", "DemoBlazor\DemoBlazor.csproj", "{FF167711-65FD-4AEC-A83D-73F8C1488B65}"
EndProject
Global
	GlobalSection(SolutionConfigurationPlatforms) = preSolution
		Debug|Any CPU = Debug|Any CPU
		Release|Any CPU = Release|Any CPU
	EndGlobalSection
	GlobalSection(ProjectConfigurationPlatforms) = postSolution
		{FF167711-65FD-4AEC-A83D-73F8C1488B65}.Debug|Any CPU.ActiveCfg = Debug|Any CPU
		{FF167711-65FD-4AEC-A83D-73F8C1488B65}.Debug|Any CPU.Build.0 = Debug|Any CPU
		{FF167711-65FD-4AEC-A83D-73F8C1488B65}.Release|Any CPU.ActiveCfg = Release|Any CPU
		{FF167711-65FD-4AEC-A83D-73F8C1488B65}.Release|Any CPU.Build.0 = Release|Any CPU
	EndGlobalSection
	GlobalSection(SolutionProperties) = preSolution
		HideSolutionNode = FALSE
	EndGlobalSection
	GlobalSection(ExtensibilityGlobals) = postSolution
		SolutionGuid = {E5BC4DC0-1495-4183-9A98-8524C0A86B6F}
	EndGlobalSection
EndGlobal
